
Microsoft Visual Studio Solution File, Format Version 12.00
# Visual Studio Version 17
VisualStudioVersion = 17.13.35931.197 d17.13
MinimumVisualStudioVersion = 10.0.40219.1
Project("{FAE04EC0-301F-11D3-BF4B-00C04F79EFBC}") = "ApiUsuarios", "ApiUsuarios\ApiUsuarios.csproj", "{0B98CE2E-FC9B-40C8-82C3-F463D8F06931}"
EndProject
Project("{FAE04EC0-301F-11D3-BF4B-00C04F79EFBC}") = "ApiUsuarios.BLL", "ApiUsuarios.BLL\ApiUsuarios.BLL.csproj", "{A27EC609-128E-4D7F-8759-3C4CBDA5D55F}"
EndProject
Project("{FAE04EC0-301F-11D3-BF4B-00C04F79EFBC}") = "ApiUsuarios.DLL", "ApiUsuarios.DLL\ApiUsuarios.DLL.csproj", "{6FE30E71-AB9D-4ACE-82A6-0D7545F03E6B}"
EndProject
Global
	GlobalSection(SolutionConfigurationPlatforms) = preSolution
		Debug|Any CPU = Debug|Any CPU
		Release|Any CPU = Release|Any CPU
	EndGlobalSection
	GlobalSection(ProjectConfigurationPlatforms) = postSolution
		{0B98CE2E-FC9B-40C8-82C3-F463D8F06931}.Debug|Any CPU.ActiveCfg = Debug|Any CPU
		{0B98CE2E-FC9B-40C8-82C3-F463D8F06931}.Debug|Any CPU.Build.0 = Debug|Any CPU
		{0B98CE2E-FC9B-40C8-82C3-F463D8F06931}.Release|Any CPU.ActiveCfg = Release|Any CPU
		{0B98CE2E-FC9B-40C8-82C3-F463D8F06931}.Release|Any CPU.Build.0 = Release|Any CPU
		{A27EC609-128E-4D7F-8759-3C4CBDA5D55F}.Debug|Any CPU.ActiveCfg = Debug|Any CPU
		{A27EC609-128E-4D7F-8759-3C4CBDA5D55F}.Debug|Any CPU.Build.0 = Debug|Any CPU
		{A27EC609-128E-4D7F-8759-3C4CBDA5D55F}.Release|Any CPU.ActiveCfg = Release|Any CPU
		{A27EC609-128E-4D7F-8759-3C4CBDA5D55F}.Release|Any CPU.Build.0 = Release|Any CPU
		{6FE30E71-AB9D-4ACE-82A6-0D7545F03E6B}.Debug|Any CPU.ActiveCfg = Debug|Any CPU
		{6FE30E71-AB9D-4ACE-82A6-0D7545F03E6B}.Debug|Any CPU.Build.0 = Debug|Any CPU
		{6FE30E71-AB9D-4ACE-82A6-0D7545F03E6B}.Release|Any CPU.ActiveCfg = Release|Any CPU
		{6FE30E71-AB9D-4ACE-82A6-0D7545F03E6B}.Release|Any CPU.Build.0 = Release|Any CPU
	EndGlobalSection
	GlobalSection(SolutionProperties) = preSolution
		HideSolutionNode = FALSE
	EndGlobalSection
	GlobalSection(ExtensibilityGlobals) = postSolution
		SolutionGuid = {A1F6A27F-EBA4-43FE-B781-3CA7CC0DED2A}
	EndGlobalSection
EndGlobal
